
Microsoft Visual Studio Solution File, Format Version 12.00
# Visual Studio Version 16
VisualStudioVersion = 16.0.30804.86
MinimumVisualStudioVersion = 10.0.40219.1
Project("{FAE04EC0-301F-11D3-BF4B-00C04F79EFBC}") = "WebApplication1", "WebApplication1\WebApplication1.csproj", "{34C85BB5-F0D1-4DC8-A7AC-2DAB38FE0BDB}"
EndProject
Project("{FAE04EC0-301F-11D3-BF4B-00C04F79EFBC}") = "WebApplication1.Tests", "WebApplication1.Tests\WebApplication1.Tests.csproj", "{86A20F0B-5E05-4382-B836-31F420A081C6}"
EndProject
Global
	GlobalSection(SolutionConfigurationPlatforms) = preSolution
		Debug|Any CPU = Debug|Any CPU
		Release|Any CPU = Release|Any CPU
	EndGlobalSection
	GlobalSection(ProjectConfigurationPlatforms) = postSolution
		{34C85BB5-F0D1-4DC8-A7AC-2DAB38FE0BDB}.Debug|Any CPU.ActiveCfg = Debug|Any CPU
		{34C85BB5-F0D1-4DC8-A7AC-2DAB38FE0BDB}.Debug|Any CPU.Build.0 = Debug|Any CPU
		{34C85BB5-F0D1-4DC8-A7AC-2DAB38FE0BDB}.Release|Any CPU.ActiveCfg = Release|Any CPU
		{34C85BB5-F0D1-4DC8-A7AC-2DAB38FE0BDB}.Release|Any CPU.Build.0 = Release|Any CPU
		{86A20F0B-5E05-4382-B836-31F420A081C6}.Debug|Any CPU.ActiveCfg = Debug|Any CPU
		{86A20F0B-5E05-4382-B836-31F420A081C6}.Debug|Any CPU.Build.0 = Debug|Any CPU
		{86A20F0B-5E05-4382-B836-31F420A081C6}.Release|Any CPU.ActiveCfg = Release|Any CPU
		{86A20F0B-5E05-4382-B836-31F420A081C6}.Release|Any CPU.Build.0 = Release|Any CPU
	EndGlobalSection
	GlobalSection(SolutionProperties) = preSolution
		HideSolutionNode = FALSE
	EndGlobalSection
	GlobalSection(ExtensibilityGlobals) = postSolution
		SolutionGuid = {7D320149-B02E-4FA5-AA73-1714E8E71907}
	EndGlobalSection
EndGlobal
